
Microsoft Visual Studio Solution File, Format Version 12.00
# Visual Studio Version 16
VisualStudioVersion = 16.0.30907.101
MinimumVisualStudioVersion = 10.0.40219.1
Project("{FAE04EC0-301F-11D3-BF4B-00C04F79EFBC}") = "CuaHangBanSach", "CuaHangBanSach\CuaHangBanSach.csproj", "{C290DA78-130F-48B1-BB59-828CE9FAF654}"
EndProject
Global
	GlobalSection(SolutionConfigurationPlatforms) = preSolution
		Debug|Any CPU = Debug|Any CPU
		Release|Any CPU = Release|Any CPU
	EndGlobalSection
	GlobalSection(ProjectConfigurationPlatforms) = postSolution
		{C290DA78-130F-48B1-BB59-828CE9FAF654}.Debug|Any CPU.ActiveCfg = Debug|Any CPU
		{C290DA78-130F-48B1-BB59-828CE9FAF654}.Debug|Any CPU.Build.0 = Debug|Any CPU
		{C290DA78-130F-48B1-BB59-828CE9FAF654}.Release|Any CPU.ActiveCfg = Release|Any CPU
		{C290DA78-130F-48B1-BB59-828CE9FAF654}.Release|Any CPU.Build.0 = Release|Any CPU
	EndGlobalSection
	GlobalSection(SolutionProperties) = preSolution
		HideSolutionNode = FALSE
	EndGlobalSection
	GlobalSection(ExtensibilityGlobals) = postSolution
		SolutionGuid = {3A00F4A3-8596-415D-B3AA-D29B7B284A8C}
	EndGlobalSection
EndGlobal
